// !$*UTF8*$!
{
	archiveVersion = 1;
	classes = {
	};
	objectVersion = 54;
	objects = {

/* Begin PBXBuildFile section */
		040B165E2B9A387100B9BE88 /* MapboxSearch in Frameworks */ = {isa = PBXBuildFile; productRef = 040B165D2B9A387100B9BE88 /* MapboxSearch */; };
		040B16602B9A387100B9BE88 /* MapboxSearchUI in Frameworks */ = {isa = PBXBuildFile; productRef = 040B165F2B9A387100B9BE88 /* MapboxSearchUI */; };
		040CD5172BCDBAA200DEB4E9 /* MapboxCommon in Frameworks */ = {isa = PBXBuildFile; productRef = 040CD5162BCDBAA200DEB4E9 /* MapboxCommon */; };
		04A4218E2BCD6CD600007D9C /* Main.strings in Resources */ = {isa = PBXBuildFile; fileRef = 04A4217C2BCD6CD600007D9C /* Main.strings */; };
		04A4218F2BCD6CD600007D9C /* PlaceAutocompleteMainViewController.swift in Sources */ = {isa = PBXBuildFile; fileRef = 04A4217E2BCD6CD600007D9C /* PlaceAutocompleteMainViewController.swift */; };
		04A421902BCD6CD600007D9C /* Assets.xcassets in Resources */ = {isa = PBXBuildFile; fileRef = 04A4217F2BCD6CD600007D9C /* Assets.xcassets */; };
		04A421912BCD6CD600007D9C /* DiscoverViewController.swift in Sources */ = {isa = PBXBuildFile; fileRef = 04A421802BCD6CD600007D9C /* DiscoverViewController.swift */; };
		04A421922BCD6CD600007D9C /* MapRootController.swift in Sources */ = {isa = PBXBuildFile; fileRef = 04A421812BCD6CD600007D9C /* MapRootController.swift */; };
		04A421932BCD6CD600007D9C /* LaunchScreen.storyboard in Resources */ = {isa = PBXBuildFile; fileRef = 04A421822BCD6CD600007D9C /* LaunchScreen.storyboard */; };
		04A421942BCD6CD600007D9C /* Main.storyboard in Resources */ = {isa = PBXBuildFile; fileRef = 04A421842BCD6CD600007D9C /* Main.storyboard */; };
		04A421952BCD6CD600007D9C /* PlaceAutocompleteDetailsViewController.swift in Sources */ = {isa = PBXBuildFile; fileRef = 04A421862BCD6CD600007D9C /* PlaceAutocompleteDetailsViewController.swift */; };
		04A421962BCD6CD600007D9C /* AddressAutofillMainViewController.swift in Sources */ = {isa = PBXBuildFile; fileRef = 04A421872BCD6CD600007D9C /* AddressAutofillMainViewController.swift */; };
		04A421972BCD6CD600007D9C /* Munich, Germany.gpx in Resources */ = {isa = PBXBuildFile; fileRef = 04A421882BCD6CD600007D9C /* Munich, Germany.gpx */; };
		04A421982BCD6CD600007D9C /* AddressAutofillResultViewController.swift in Sources */ = {isa = PBXBuildFile; fileRef = 04A421892BCD6CD600007D9C /* AddressAutofillResultViewController.swift */; };
		04A421992BCD6CD600007D9C /* AppDelegate.swift in Sources */ = {isa = PBXBuildFile; fileRef = 04A4218B2BCD6CD600007D9C /* AppDelegate.swift */; };
		04A4219B2BCD6CD600007D9C /* San Carlos, California.gpx in Resources */ = {isa = PBXBuildFile; fileRef = 04A4218D2BCD6CD600007D9C /* San Carlos, California.gpx */; };
		E6FC5AEA2640418F00240BBB /* CwlPreconditionTesting in Frameworks */ = {isa = PBXBuildFile; productRef = E6FC5AE92640418F00240BBB /* CwlPreconditionTesting */; };
		E6FC5AEC2640418F00240BBB /* CwlPosixPreconditionTesting in Frameworks */ = {isa = PBXBuildFile; productRef = E6FC5AEB2640418F00240BBB /* CwlPosixPreconditionTesting */; };
/* End PBXBuildFile section */

/* Begin PBXFileReference section */
		04A4217D2BCD6CD600007D9C /* en */ = {isa = PBXFileReference; lastKnownFileType = text.plist.strings; name = en; path = en.lproj/Main.strings; sourceTree = "<group>"; };
		04A4217E2BCD6CD600007D9C /* PlaceAutocompleteMainViewController.swift */ = {isa = PBXFileReference; fileEncoding = 4; lastKnownFileType = sourcecode.swift; path = PlaceAutocompleteMainViewController.swift; sourceTree = "<group>"; };
		04A4217F2BCD6CD600007D9C /* Assets.xcassets */ = {isa = PBXFileReference; lastKnownFileType = folder.assetcatalog; path = Assets.xcassets; sourceTree = "<group>"; };
		04A421802BCD6CD600007D9C /* DiscoverViewController.swift */ = {isa = PBXFileReference; fileEncoding = 4; lastKnownFileType = sourcecode.swift; path = DiscoverViewController.swift; sourceTree = "<group>"; };
		04A421812BCD6CD600007D9C /* MapRootController.swift */ = {isa = PBXFileReference; fileEncoding = 4; lastKnownFileType = sourcecode.swift; path = MapRootController.swift; sourceTree = "<group>"; };
		04A421832BCD6CD600007D9C /* Base */ = {isa = PBXFileReference; lastKnownFileType = file.storyboard; name = Base; path = Base.lproj/LaunchScreen.storyboard; sourceTree = "<group>"; };
		04A421852BCD6CD600007D9C /* Base */ = {isa = PBXFileReference; lastKnownFileType = file.storyboard; name = Base; path = Base.lproj/Main.storyboard; sourceTree = "<group>"; };
		04A421862BCD6CD600007D9C /* PlaceAutocompleteDetailsViewController.swift */ = {isa = PBXFileReference; fileEncoding = 4; lastKnownFileType = sourcecode.swift; path = PlaceAutocompleteDetailsViewController.swift; sourceTree = "<group>"; };
		04A421872BCD6CD600007D9C /* AddressAutofillMainViewController.swift */ = {isa = PBXFileReference; fileEncoding = 4; lastKnownFileType = sourcecode.swift; path = AddressAutofillMainViewController.swift; sourceTree = "<group>"; };
		04A421882BCD6CD600007D9C /* Munich, Germany.gpx */ = {isa = PBXFileReference; fileEncoding = 4; lastKnownFileType = text.xml; path = "Munich, Germany.gpx"; sourceTree = "<group>"; };
		04A421892BCD6CD600007D9C /* AddressAutofillResultViewController.swift */ = {isa = PBXFileReference; fileEncoding = 4; lastKnownFileType = sourcecode.swift; path = AddressAutofillResultViewController.swift; sourceTree = "<group>"; };
		04A4218A2BCD6CD600007D9C /* ru */ = {isa = PBXFileReference; lastKnownFileType = text.plist.strings; name = ru; path = ru.lproj/Main.strings; sourceTree = "<group>"; };
		04A4218B2BCD6CD600007D9C /* AppDelegate.swift */ = {isa = PBXFileReference; fileEncoding = 4; lastKnownFileType = sourcecode.swift; path = AppDelegate.swift; sourceTree = "<group>"; };
		04A4218C2BCD6CD600007D9C /* Info.plist */ = {isa = PBXFileReference; fileEncoding = 4; lastKnownFileType = text.plist.xml; path = Info.plist; sourceTree = "<group>"; };
		04A4218D2BCD6CD600007D9C /* San Carlos, California.gpx */ = {isa = PBXFileReference; fileEncoding = 4; lastKnownFileType = text.xml; path = "San Carlos, California.gpx"; sourceTree = "<group>"; };
		E6E85A082640199800C0EF0F /* Demo.app */ = {isa = PBXFileReference; explicitFileType = wrapper.application; includeInIndex = 0; path = Demo.app; sourceTree = BUILT_PRODUCTS_DIR; };
/* End PBXFileReference section */

/* Begin PBXFrameworksBuildPhase section */
		E6E85A052640199800C0EF0F /* Frameworks */ = {
			isa = PBXFrameworksBuildPhase;
			buildActionMask = 2147483647;
			files = (
				040B165E2B9A387100B9BE88 /* MapboxSearch in Frameworks */,
				040B16602B9A387100B9BE88 /* MapboxSearchUI in Frameworks */,
				040CD5172BCDBAA200DEB4E9 /* MapboxCommon in Frameworks */,
				E6FC5AEC2640418F00240BBB /* CwlPosixPreconditionTesting in Frameworks */,
				E6FC5AEA2640418F00240BBB /* CwlPreconditionTesting in Frameworks */,
			);
			runOnlyForDeploymentPostprocessing = 0;
		};
/* End PBXFrameworksBuildPhase section */

/* Begin PBXGroup section */
		04A4217B2BCD6CD600007D9C /* Demo */ = {
			isa = PBXGroup;
			children = (
				04A4217C2BCD6CD600007D9C /* Main.strings */,
				04A4217E2BCD6CD600007D9C /* PlaceAutocompleteMainViewController.swift */,
				04A4217F2BCD6CD600007D9C /* Assets.xcassets */,
				04A421802BCD6CD600007D9C /* DiscoverViewController.swift */,
				04A421812BCD6CD600007D9C /* MapRootController.swift */,
				04A421822BCD6CD600007D9C /* LaunchScreen.storyboard */,
				04A421842BCD6CD600007D9C /* Main.storyboard */,
				04A421862BCD6CD600007D9C /* PlaceAutocompleteDetailsViewController.swift */,
				04A421872BCD6CD600007D9C /* AddressAutofillMainViewController.swift */,
				04A421882BCD6CD600007D9C /* Munich, Germany.gpx */,
				04A421892BCD6CD600007D9C /* AddressAutofillResultViewController.swift */,
				04A4218B2BCD6CD600007D9C /* AppDelegate.swift */,
				04A4218C2BCD6CD600007D9C /* Info.plist */,
				04A4218D2BCD6CD600007D9C /* San Carlos, California.gpx */,
			);
			name = Demo;
			path = ../Sources/Demo;
			sourceTree = "<group>";
		};
		E6E859FF2640199800C0EF0F = {
			isa = PBXGroup;
			children = (
				04A4217B2BCD6CD600007D9C /* Demo */,
				E6E85A092640199800C0EF0F /* Products */,
				E6E85A47264019D100C0EF0F /* Frameworks */,
			);
			sourceTree = "<group>";
		};
		E6E85A092640199800C0EF0F /* Products */ = {
			isa = PBXGroup;
			children = (
				E6E85A082640199800C0EF0F /* Demo.app */,
			);
			name = Products;
			sourceTree = "<group>";
		};
		E6E85A47264019D100C0EF0F /* Frameworks */ = {
			isa = PBXGroup;
			children = (
			);
			name = Frameworks;
			sourceTree = "<group>";
		};
/* End PBXGroup section */

/* Begin PBXNativeTarget section */
		E6E85A072640199800C0EF0F /* Demo */ = {
			isa = PBXNativeTarget;
			buildConfigurationList = E6E85A1C2640199900C0EF0F /* Build configuration list for PBXNativeTarget "Demo" */;
			buildPhases = (
				E6E85A042640199800C0EF0F /* Sources */,
				E6E85A052640199800C0EF0F /* Frameworks */,
				E6E85A062640199800C0EF0F /* Resources */,
				E6FC5AE3264040D300240BBB /* Inject Mapbox API key */,
			);
			buildRules = (
			);
			dependencies = (
			);
			name = Demo;
			packageProductDependencies = (
				E6FC5AE92640418F00240BBB /* CwlPreconditionTesting */,
				E6FC5AEB2640418F00240BBB /* CwlPosixPreconditionTesting */,
				040B165D2B9A387100B9BE88 /* MapboxSearch */,
				040B165F2B9A387100B9BE88 /* MapboxSearchUI */,
				040CD5162BCDBAA200DEB4E9 /* MapboxCommon */,
			);
			productName = Demo;
			productReference = E6E85A082640199800C0EF0F /* Demo.app */;
			productType = "com.apple.product-type.application";
		};
/* End PBXNativeTarget section */

/* Begin PBXProject section */
		E6E85A002640199800C0EF0F /* Project object */ = {
			isa = PBXProject;
			attributes = {
				LastSwiftUpdateCheck = 1250;
				LastUpgradeCheck = 1300;
				TargetAttributes = {
					E6E85A072640199800C0EF0F = {
						CreatedOnToolsVersion = 12.5;
					};
				};
			};
			buildConfigurationList = E6E85A032640199800C0EF0F /* Build configuration list for PBXProject "Demo" */;
			compatibilityVersion = "Xcode 9.3";
			developmentRegion = en;
			hasScannedForEncodings = 0;
			knownRegions = (
				en,
				Base,
				ru,
			);
			mainGroup = E6E859FF2640199800C0EF0F;
			packageReferences = (
				E6FC5AE82640418F00240BBB /* XCRemoteSwiftPackageReference "CwlPreconditionTesting" */,
				040B165C2B9A387100B9BE88 /* XCRemoteSwiftPackageReference "mapbox-search-ios" */,
				040CD5152BCDBAA200DEB4E9 /* XCRemoteSwiftPackageReference "mapbox-common-ios" */,
			);
			productRefGroup = E6E85A092640199800C0EF0F /* Products */;
			projectDirPath = "";
			projectRoot = "";
			targets = (
				E6E85A072640199800C0EF0F /* Demo */,
			);
		};
/* End PBXProject section */

/* Begin PBXResourcesBuildPhase section */
		E6E85A062640199800C0EF0F /* Resources */ = {
			isa = PBXResourcesBuildPhase;
			buildActionMask = 2147483647;
			files = (
				04A4219B2BCD6CD600007D9C /* San Carlos, California.gpx in Resources */,
				04A421932BCD6CD600007D9C /* LaunchScreen.storyboard in Resources */,
				04A421972BCD6CD600007D9C /* Munich, Germany.gpx in Resources */,
				04A421902BCD6CD600007D9C /* Assets.xcassets in Resources */,
				04A4218E2BCD6CD600007D9C /* Main.strings in Resources */,
				04A421942BCD6CD600007D9C /* Main.storyboard in Resources */,
			);
			runOnlyForDeploymentPostprocessing = 0;
		};
/* End PBXResourcesBuildPhase section */

/* Begin PBXShellScriptBuildPhase section */
		E6FC5AE3264040D300240BBB /* Inject Mapbox API key */ = {
			isa = PBXShellScriptBuildPhase;
			buildActionMask = 2147483647;
			files = (
			);
			inputFileListPaths = (
			);
			inputPaths = (
				"$(TARGET_BUILD_DIR)/$(INFOPLIST_PATH)",
				"$(HOME)/.mapbox",
				"$(HOME)/mapbox",
				"$(SRCROOT)/.mapbox",
			);
			name = "Inject Mapbox API key";
			outputFileListPaths = (
			);
			outputPaths = (
				"$(DERIVED_FILE_DIR)/$(INFOPLIST_PATH)",
			);
			runOnlyForDeploymentPostprocessing = 0;
			shellPath = /bin/sh;
			shellScript = "# Source: https://docs.mapbox.com/help/troubleshooting/private-access-token-android-and-ios/#ios\n# Look for a global file named 'mapbox' or '.mapbox' within the home directory\ntoken_file=\"${SCRIPT_INPUT_FILE_1}\"\ntoken_file2=\"${SCRIPT_INPUT_FILE_2}\"\ntoken_file3=\"${SCRIPT_INPUT_FILE_3}\"\ntoken=\"$(cat \"$token_file3\" 2>/dev/null || cat \"$token_file\" 2>/dev/null || cat \"$token_file2\" 2>/dev/null)\"\nif [ \"$token\" ]; then\n  plutil -replace MBXAccessToken -string \"$token\" \"$SCRIPT_INPUT_FILE_0\"\nelse\n  echo 'warning: Missing Mapbox access token'\n  open 'https://www.mapbox.com/account/access-tokens/'\n  echo \"warning: Get an access token from <https://www.mapbox.com/account/access-tokens/>, then create a new file at \"$token_file3\" or \"$token_file\" or \"$token_file2\" that contains the access token.\"\nfi\n\n\n# WORKAROUND SUGGESTION: https://stackoverflow.com/a/71358898/178805\n\n";
		};
/* End PBXShellScriptBuildPhase section */

/* Begin PBXSourcesBuildPhase section */
		E6E85A042640199800C0EF0F /* Sources */ = {
			isa = PBXSourcesBuildPhase;
			buildActionMask = 2147483647;
			files = (
				04A421962BCD6CD600007D9C /* AddressAutofillMainViewController.swift in Sources */,
				04A4218F2BCD6CD600007D9C /* PlaceAutocompleteMainViewController.swift in Sources */,
				04A421982BCD6CD600007D9C /* AddressAutofillResultViewController.swift in Sources */,
				04A421922BCD6CD600007D9C /* MapRootController.swift in Sources */,
				04A421992BCD6CD600007D9C /* AppDelegate.swift in Sources */,
				04A421912BCD6CD600007D9C /* DiscoverViewController.swift in Sources */,
				04A421952BCD6CD600007D9C /* PlaceAutocompleteDetailsViewController.swift in Sources */,
			);
			runOnlyForDeploymentPostprocessing = 0;
		};
/* End PBXSourcesBuildPhase section */

/* Begin PBXVariantGroup section */
		04A4217C2BCD6CD600007D9C /* Main.strings */ = {
			isa = PBXVariantGroup;
			children = (
				04A4217D2BCD6CD600007D9C /* en */,
				04A4218A2BCD6CD600007D9C /* ru */,
			);
			name = Main.strings;
			sourceTree = "<group>";
		};
		04A421822BCD6CD600007D9C /* LaunchScreen.storyboard */ = {
			isa = PBXVariantGroup;
			children = (
				04A421832BCD6CD600007D9C /* Base */,
			);
			name = LaunchScreen.storyboard;
			sourceTree = "<group>";
		};
		04A421842BCD6CD600007D9C /* Main.storyboard */ = {
			isa = PBXVariantGroup;
			children = (
				04A421852BCD6CD600007D9C /* Base */,
			);
			name = Main.storyboard;
			sourceTree = "<group>";
		};
/* End PBXVariantGroup section */

/* Begin XCBuildConfiguration section */
		E6E85A1A2640199900C0EF0F /* Debug */ = {
			isa = XCBuildConfiguration;
			buildSettings = {
				ALWAYS_SEARCH_USER_PATHS = NO;
				CLANG_ANALYZER_LOCALIZABILITY_NONLOCALIZED = YES;
				CLANG_ANALYZER_NONNULL = YES;
				CLANG_ANALYZER_NUMBER_OBJECT_CONVERSION = YES_AGGRESSIVE;
				CLANG_CXX_LANGUAGE_STANDARD = "gnu++14";
				CLANG_CXX_LIBRARY = "libc++";
				CLANG_ENABLE_MODULES = YES;
				CLANG_ENABLE_OBJC_ARC = YES;
				CLANG_ENABLE_OBJC_WEAK = YES;
				CLANG_WARN_BLOCK_CAPTURE_AUTORELEASING = YES;
				CLANG_WARN_BOOL_CONVERSION = YES;
				CLANG_WARN_COMMA = YES;
				CLANG_WARN_CONSTANT_CONVERSION = YES;
				CLANG_WARN_DEPRECATED_OBJC_IMPLEMENTATIONS = YES;
				CLANG_WARN_DIRECT_OBJC_ISA_USAGE = YES_ERROR;
				CLANG_WARN_DOCUMENTATION_COMMENTS = YES;
				CLANG_WARN_EMPTY_BODY = YES;
				CLANG_WARN_ENUM_CONVERSION = YES;
				CLANG_WARN_INFINITE_RECURSION = YES;
				CLANG_WARN_INT_CONVERSION = YES;
				CLANG_WARN_NON_LITERAL_NULL_CONVERSION = YES;
				CLANG_WARN_OBJC_IMPLICIT_RETAIN_SELF = YES;
				CLANG_WARN_OBJC_LITERAL_CONVERSION = YES;
				CLANG_WARN_OBJC_ROOT_CLASS = YES_ERROR;
				CLANG_WARN_QUOTED_INCLUDE_IN_FRAMEWORK_HEADER = YES;
				CLANG_WARN_RANGE_LOOP_ANALYSIS = YES;
				CLANG_WARN_STRICT_PROTOTYPES = YES;
				CLANG_WARN_SUSPICIOUS_MOVE = YES;
				CLANG_WARN_UNGUARDED_AVAILABILITY = YES_AGGRESSIVE;
				CLANG_WARN_UNREACHABLE_CODE = YES;
				CLANG_WARN__DUPLICATE_METHOD_MATCH = YES;
				COPY_PHASE_STRIP = NO;
				DEBUG_INFORMATION_FORMAT = dwarf;
				ENABLE_STRICT_OBJC_MSGSEND = YES;
				ENABLE_TESTABILITY = YES;
				GCC_C_LANGUAGE_STANDARD = gnu11;
				GCC_DYNAMIC_NO_PIC = NO;
				GCC_NO_COMMON_BLOCKS = YES;
				GCC_OPTIMIZATION_LEVEL = 0;
				GCC_PREPROCESSOR_DEFINITIONS = (
					"DEBUG=1",
					"$(inherited)",
				);
				GCC_WARN_64_TO_32_BIT_CONVERSION = YES;
				GCC_WARN_ABOUT_RETURN_TYPE = YES_ERROR;
				GCC_WARN_UNDECLARED_SELECTOR = YES;
				GCC_WARN_UNINITIALIZED_AUTOS = YES_AGGRESSIVE;
				GCC_WARN_UNUSED_FUNCTION = YES;
				GCC_WARN_UNUSED_VARIABLE = YES;
				IPHONEOS_DEPLOYMENT_TARGET = 12.0;
				MTL_ENABLE_DEBUG_INFO = INCLUDE_SOURCE;
				MTL_FAST_MATH = YES;
				ONLY_ACTIVE_ARCH = YES;
				SDKROOT = iphoneos;
				SWIFT_ACTIVE_COMPILATION_CONDITIONS = DEBUG;
				SWIFT_OPTIMIZATION_LEVEL = "-Onone";
			};
			name = Debug;
		};
		E6E85A1B2640199900C0EF0F /* Release */ = {
			isa = XCBuildConfiguration;
			buildSettings = {
				ALWAYS_SEARCH_USER_PATHS = NO;
				CLANG_ANALYZER_LOCALIZABILITY_NONLOCALIZED = YES;
				CLANG_ANALYZER_NONNULL = YES;
				CLANG_ANALYZER_NUMBER_OBJECT_CONVERSION = YES_AGGRESSIVE;
				CLANG_CXX_LANGUAGE_STANDARD = "gnu++14";
				CLANG_CXX_LIBRARY = "libc++";
				CLANG_ENABLE_MODULES = YES;
				CLANG_ENABLE_OBJC_ARC = YES;
				CLANG_ENABLE_OBJC_WEAK = YES;
				CLANG_WARN_BLOCK_CAPTURE_AUTORELEASING = YES;
				CLANG_WARN_BOOL_CONVERSION = YES;
				CLANG_WARN_COMMA = YES;
				CLANG_WARN_CONSTANT_CONVERSION = YES;
				CLANG_WARN_DEPRECATED_OBJC_IMPLEMENTATIONS = YES;
				CLANG_WARN_DIRECT_OBJC_ISA_USAGE = YES_ERROR;
				CLANG_WARN_DOCUMENTATION_COMMENTS = YES;
				CLANG_WARN_EMPTY_BODY = YES;
				CLANG_WARN_ENUM_CONVERSION = YES;
				CLANG_WARN_INFINITE_RECURSION = YES;
				CLANG_WARN_INT_CONVERSION = YES;
				CLANG_WARN_NON_LITERAL_NULL_CONVERSION = YES;
				CLANG_WARN_OBJC_IMPLICIT_RETAIN_SELF = YES;
				CLANG_WARN_OBJC_LITERAL_CONVERSION = YES;
				CLANG_WARN_OBJC_ROOT_CLASS = YES_ERROR;
				CLANG_WARN_QUOTED_INCLUDE_IN_FRAMEWORK_HEADER = YES;
				CLANG_WARN_RANGE_LOOP_ANALYSIS = YES;
				CLANG_WARN_STRICT_PROTOTYPES = YES;
				CLANG_WARN_SUSPICIOUS_MOVE = YES;
				CLANG_WARN_UNGUARDED_AVAILABILITY = YES_AGGRESSIVE;
				CLANG_WARN_UNREACHABLE_CODE = YES;
				CLANG_WARN__DUPLICATE_METHOD_MATCH = YES;
				COPY_PHASE_STRIP = NO;
				DEBUG_INFORMATION_FORMAT = "dwarf-with-dsym";
				ENABLE_NS_ASSERTIONS = NO;
				ENABLE_STRICT_OBJC_MSGSEND = YES;
				GCC_C_LANGUAGE_STANDARD = gnu11;
				GCC_NO_COMMON_BLOCKS = YES;
				GCC_WARN_64_TO_32_BIT_CONVERSION = YES;
				GCC_WARN_ABOUT_RETURN_TYPE = YES_ERROR;
				GCC_WARN_UNDECLARED_SELECTOR = YES;
				GCC_WARN_UNINITIALIZED_AUTOS = YES_AGGRESSIVE;
				GCC_WARN_UNUSED_FUNCTION = YES;
				GCC_WARN_UNUSED_VARIABLE = YES;
				IPHONEOS_DEPLOYMENT_TARGET = 12.0;
				MTL_ENABLE_DEBUG_INFO = NO;
				MTL_FAST_MATH = YES;
				SDKROOT = iphoneos;
				SWIFT_COMPILATION_MODE = wholemodule;
				SWIFT_OPTIMIZATION_LEVEL = "-O";
				VALIDATE_PRODUCT = YES;
			};
			name = Release;
		};
		E6E85A1D2640199900C0EF0F /* Debug */ = {
			isa = XCBuildConfiguration;
			buildSettings = {
				ASSETCATALOG_COMPILER_APPICON_NAME = AppIcon;
				CODE_SIGN_STYLE = Automatic;
				DEVELOPMENT_TEAM = GJZR2MEM28;
				INFOPLIST_FILE = ../Sources/Demo/Info.plist;
				LD_RUNPATH_SEARCH_PATHS = (
					"$(inherited)",
					"@executable_path/Frameworks",
				);
				MARKETING_VERSION = 1.0.0;
				PRODUCT_BUNDLE_IDENTIFIER = com.mapbox.MapboxSearchDemoApplication;
				PRODUCT_NAME = "$(TARGET_NAME)";
				SUPPORTS_MACCATALYST = NO;
				SUPPORTS_MAC_DESIGNED_FOR_IPHONE_IPAD = NO;
				SWIFT_VERSION = 5.0;
				TARGETED_DEVICE_FAMILY = "1,2";
			};
			name = Debug;
		};
		E6E85A1E2640199900C0EF0F /* Release */ = {
			isa = XCBuildConfiguration;
			buildSettings = {
				ASSETCATALOG_COMPILER_APPICON_NAME = AppIcon;
				CODE_SIGN_STYLE = Automatic;
				DEVELOPMENT_TEAM = GJZR2MEM28;
				INFOPLIST_FILE = ../Sources/Demo/Info.plist;
				LD_RUNPATH_SEARCH_PATHS = (
					"$(inherited)",
					"@executable_path/Frameworks",
				);
				MARKETING_VERSION = 1.0.0;
				PRODUCT_BUNDLE_IDENTIFIER = com.mapbox.MapboxSearchDemoApplication;
				PRODUCT_NAME = "$(TARGET_NAME)";
				SUPPORTS_MACCATALYST = NO;
				SUPPORTS_MAC_DESIGNED_FOR_IPHONE_IPAD = NO;
				SWIFT_VERSION = 5.0;
				TARGETED_DEVICE_FAMILY = "1,2";
			};
			name = Release;
		};
/* End XCBuildConfiguration section */

/* Begin XCConfigurationList section */
		E6E85A032640199800C0EF0F /* Build configuration list for PBXProject "Demo" */ = {
			isa = XCConfigurationList;
			buildConfigurations = (
				E6E85A1A2640199900C0EF0F /* Debug */,
				E6E85A1B2640199900C0EF0F /* Release */,
			);
			defaultConfigurationIsVisible = 0;
			defaultConfigurationName = Release;
		};
		E6E85A1C2640199900C0EF0F /* Build configuration list for PBXNativeTarget "Demo" */ = {
			isa = XCConfigurationList;
			buildConfigurations = (
				E6E85A1D2640199900C0EF0F /* Debug */,
				E6E85A1E2640199900C0EF0F /* Release */,
			);
			defaultConfigurationIsVisible = 0;
			defaultConfigurationName = Release;
		};
/* End XCConfigurationList section */

/* Begin XCRemoteSwiftPackageReference section */
		040B165C2B9A387100B9BE88 /* XCRemoteSwiftPackageReference "mapbox-search-ios" */ = {
			isa = XCRemoteSwiftPackageReference;
			repositoryURL = "https://github.com/mapbox/mapbox-search-ios/";
			requirement = {
				branch = "SSDK-736-address-autofill-fixes";
				kind = branch;
			};
		};
		040CD5152BCDBAA200DEB4E9 /* XCRemoteSwiftPackageReference "mapbox-common-ios" */ = {
			isa = XCRemoteSwiftPackageReference;
			repositoryURL = "https://github.com/mapbox/mapbox-common-ios.git";
			requirement = {
				kind = exactVersion;
				version = 24.2.0;
			};
		};
		E6FC5AE82640418F00240BBB /* XCRemoteSwiftPackageReference "CwlPreconditionTesting" */ = {
			isa = XCRemoteSwiftPackageReference;
			repositoryURL = "https://github.com/mattgallagher/CwlPreconditionTesting.git";
			requirement = {
				kind = upToNextMajorVersion;
				minimumVersion = 2.0.0;
			};
		};
/* End XCRemoteSwiftPackageReference section */

/* Begin XCSwiftPackageProductDependency section */
		040B165D2B9A387100B9BE88 /* MapboxSearch */ = {
			isa = XCSwiftPackageProductDependency;
			package = 040B165C2B9A387100B9BE88 /* XCRemoteSwiftPackageReference "mapbox-search-ios" */;
			productName = MapboxSearch;
		};
		040B165F2B9A387100B9BE88 /* MapboxSearchUI */ = {
			isa = XCSwiftPackageProductDependency;
			package = 040B165C2B9A387100B9BE88 /* XCRemoteSwiftPackageReference "mapbox-search-ios" */;
			productName = MapboxSearchUI;
		};
		040CD5162BCDBAA200DEB4E9 /* MapboxCommon */ = {
			isa = XCSwiftPackageProductDependency;
			package = 040CD5152BCDBAA200DEB4E9 /* XCRemoteSwiftPackageReference "mapbox-common-ios" */;
			productName = MapboxCommon;
		};
		E6FC5AE92640418F00240BBB /* CwlPreconditionTesting */ = {
			isa = XCSwiftPackageProductDependency;
			package = E6FC5AE82640418F00240BBB /* XCRemoteSwiftPackageReference "CwlPreconditionTesting" */;
			productName = CwlPreconditionTesting;
		};
		E6FC5AEB2640418F00240BBB /* CwlPosixPreconditionTesting */ = {
			isa = XCSwiftPackageProductDependency;
			package = E6FC5AE82640418F00240BBB /* XCRemoteSwiftPackageReference "CwlPreconditionTesting" */;
			productName = CwlPosixPreconditionTesting;
		};
/* End XCSwiftPackageProductDependency section */
	};
	rootObject = E6E85A002640199800C0EF0F /* Project object */;
}
