{
  "originHash" : "70db9fff31e5587cf66288cc5f61b187b66719b0fa9f1a09982394b45276178b",
  "pins" : [
    {
      "identity" : "cwlcatchexception",
      "kind" : "remoteSourceControl",
      "location" : "https://github.com/mattgallagher/CwlCatchException.git",
      "state" : {
        "revision" : "682841464136f8c66e04afe5dbd01ab51a3a56f2",
        "version" : "2.1.0"
      }
    },
    {
      "identity" : "cwlpreconditiontesting",
      "kind" : "remoteSourceControl",
      "location" : "https://github.com/mattgallagher/CwlPreconditionTesting.git",
      "state" : {
        "revision" : "02b7a39a99c4da27abe03cab2053a9034379639f",
        "version" : "2.0.0"
      }
    },
    {
      "identity" : "mapbox-common-ios",
      "kind" : "remoteSourceControl",
      "location" : "https://github.com/mapbox/mapbox-common-ios.git",
      "state" : {
        "revision" : "72474daaeabb644edd449492f9e668f716da72e6",
        "version" : "24.2.0"
      }
    },
    {
      "identity" : "mapbox-search-ios",
      "kind" : "remoteSourceControl",
      "location" : "https://github.com/mapbox/mapbox-search-ios/",
      "state" : {
        "branch" : "xcprivacy-searchcore_beta17",
        "revision" : "2a5ba6693b64594a155fd85a88a9c333eb6b8ec9"
      }
    }
  ],
  "version" : 3
}
