{
  "pins" : [
    {
      "identity" : "ambassador",
      "kind" : "remoteSourceControl",
      "location" : "https://github.com/envoy/Ambassador.git",
      "state" : {
        "revision" : "447cf56f692999153bd261b1775ea4a58f7f7be9",
        "version" : "4.0.5"
      }
    },
    {
      "identity" : "atlantis",
      "kind" : "remoteSourceControl",
      "location" : "https://github.com/ProxymanApp/atlantis",
      "state" : {
        "revision" : "2ee37f1da01b438d67012cc1405617e158f358a1",
        "version" : "1.11.2"
      }
    },
    {
      "identity" : "cwlcatchexception",
      "kind" : "remoteSourceControl",
      "location" : "https://github.com/mattgallagher/CwlCatchException.git",
      "state" : {
        "revision" : "682841464136f8c66e04afe5dbd01ab51a3a56f2",
        "version" : "2.1.0"
      }
    },
    {
      "identity" : "cwlpreconditiontesting",
      "kind" : "remoteSourceControl",
      "location" : "https://github.com/mattgallagher/CwlPreconditionTesting.git",
      "state" : {
        "revision" : "02b7a39a99c4da27abe03cab2053a9034379639f",
        "version" : "2.0.0"
      }
    },
    {
      "identity" : "embassy",
      "kind" : "remoteSourceControl",
      "location" : "https://github.com/envoy/Embassy.git",
      "state" : {
        "revision" : "065b6ce52596bd06b867cfe17fea2c56dcb53b30",
        "version" : "4.1.3"
      }
    }
  ],
  "version" : 2
}
