{
  "object": {
    "pins": [
      {
        "package": "Atlantis",
        "repositoryURL": "https://github.com/ProxymanApp/atlantis",
        "state": {
          "branch": null,
          "revision": "2ee37f1da01b438d67012cc1405617e158f358a1",
          "version": "1.11.2"
        }
      },
      {
        "package": "MapboxCommon",
        "repositoryURL": "https://github.com/mapbox/mapbox-common-ios.git",
        "state": {
          "branch": null,
          "revision": "3dabe41278e9b88e3eb2851dd3967493d21f08af",
          "version": "21.0.1"
        }
      },
      {
        "package": "MapboxCoreMaps",
        "repositoryURL": "https://github.com/mapbox/mapbox-core-maps-ios.git",
        "state": {
          "branch": null,
          "revision": "a9955a309b7d17ce743bb9ea2eaf259540a2f64a",
          "version": "10.2.0"
        }
      },
      {
        "package": "MapboxMaps",
        "repositoryURL": "git@github.com:mapbox/mapbox-maps-ios.git",
        "state": {
          "branch": null,
          "revision": "f8f4bb51777d2062b171018ac738c87d1ec94c7a",
          "version": "10.2.0"
        }
      },
      {
        "package": "MapboxSearch",
        "repositoryURL": "https://github.com/mapbox/search-ios",
        "state": {
          "branch": null,
          "revision": "f909acc21a5fc17367a9bddd43056afff5fc5157",
          "version": "1.0.0-beta.21"
        }
      },
      {
        "package": "Turf",
        "repositoryURL": "https://github.com/mapbox/turf-swift.git",
        "state": {
          "branch": null,
          "revision": "132aaf7f90fb3e334acd685ae7040a2b70b80d26",
          "version": "2.1.0"
        }
      }
    ]
  },
  "version": 1
}
