{
  "pins" : [
    {
      "identity" : "atlantis",
      "kind" : "remoteSourceControl",
      "location" : "https://github.com/ProxymanApp/atlantis",
      "state" : {
        "revision" : "2ee37f1da01b438d67012cc1405617e158f358a1",
        "version" : "1.11.2"
      }
    },
    {
      "identity" : "mapbox-common-ios",
      "kind" : "remoteSourceControl",
      "location" : "https://github.com/mapbox/mapbox-common-ios.git",
      "state" : {
        "revision" : "d9670cde1143ff3d3b3d840bfeb7413be2e2a9ae",
        "version" : "22.0.0"
      }
    },
    {
      "identity" : "mapbox-core-maps-ios",
      "kind" : "remoteSourceControl",
      "location" : "https://github.com/mapbox/mapbox-core-maps-ios.git",
      "state" : {
        "revision" : "c03601b41843b6e035fd6bcbc3fa61cc45cf196c",
        "version" : "10.6.1"
      }
    },
    {
      "identity" : "mapbox-events-ios",
      "kind" : "remoteSourceControl",
      "location" : "https://github.com/mapbox/mapbox-events-ios.git",
      "state" : {
        "revision" : "5e130fba637f5bbb0bb8bca0dec8d38a06ce07bf",
        "version" : "1.0.8"
      }
    },
    {
      "identity" : "mapbox-maps-ios",
      "kind" : "remoteSourceControl",
      "location" : "git@github.com:mapbox/mapbox-maps-ios.git",
      "state" : {
        "revision" : "afbd99975dca95dd762e62c725749840279bf927",
        "version" : "10.6.1"
      }
    },
    {
      "identity" : "search-ios",
      "kind" : "remoteSourceControl",
      "location" : "https://github.com/mapbox/search-ios",
      "state" : {
        "revision" : "40bb1ffd8ada9d862f62f2e3dcdabea2fbb0c16e",
        "version" : "1.0.0-beta.33"
      }
    },
    {
      "identity" : "turf-swift",
      "kind" : "remoteSourceControl",
      "location" : "https://github.com/mapbox/turf-swift.git",
      "state" : {
        "revision" : "569e0f0e96fda86e1a1dcefaefa68cfa9491ffc1",
        "version" : "2.4.0"
      }
    }
  ],
  "version" : 2
}
