{
  "object": {
    "pins": [
      {
        "package": "Atlantis",
        "repositoryURL": "https://github.com/ProxymanApp/atlantis",
        "state": {
          "branch": null,
          "revision": "2ee37f1da01b438d67012cc1405617e158f358a1",
          "version": "1.11.2"
        }
      },
      {
        "package": "MapboxCommon",
        "repositoryURL": "https://github.com/mapbox/mapbox-common-ios.git",
        "state": {
          "branch": null,
          "revision": "a69e8ec4684ea2db20c94e85bcb54497554500d0",
          "version": "18.0.0"
        }
      },
      {
        "package": "MapboxCoreMaps",
        "repositoryURL": "https://github.com/mapbox/mapbox-core-maps-ios.git",
        "state": {
          "branch": null,
          "revision": "d5360ef24a2038150ab68c67ada0893f6d5b5b15",
          "version": "10.0.0-rc.8"
        }
      },
      {
        "package": "MapboxMobileEvents",
        "repositoryURL": "https://github.com/mapbox/mapbox-events-ios.git",
        "state": {
          "branch": null,
          "revision": "e4ded10f5b9594374416f9396d5b540f8c491bbe",
          "version": "1.0.3"
        }
      },
      {
        "package": "MapboxMaps",
        "repositoryURL": "git@github.com:mapbox/mapbox-maps-ios.git",
        "state": {
          "branch": null,
          "revision": "bedc49744970602ebc10c6de3f8a2b4cc6f084a6",
          "version": "10.0.0-rc.8"
        }
      },
      {
        "package": "MapboxSearch",
        "repositoryURL": "https://github.com/mapbox/search-ios",
        "state": {
          "branch": null,
          "revision": "9c06beb24ba2d2bf868e14f630773685c10981bd",
          "version": "1.0.0-beta.13"
        }
      },
      {
        "package": "Turf",
        "repositoryURL": "https://github.com/mapbox/turf-swift.git",
        "state": {
          "branch": null,
          "revision": "555458bd67acce7322c513ddd3647c9a904f4197",
          "version": "2.0.0-rc.1"
        }
      }
    ]
  },
  "version": 1
}
